
Microsoft Visual Studio Solution File, Format Version 12.00
# Visual Studio 15
VisualStudioVersion = 15.0.26124.0
MinimumVisualStudioVersion = 15.0.26124.0
Project("{FAE04EC0-301F-11D3-BF4B-00C04F79EFBC}") = "SomeClass", "SomeClass\SomeClass.csproj", "{04DC4D3D-112F-4CB7-AE43-99045B2CA1D3}"
EndProject
Project("{FAE04EC0-301F-11D3-BF4B-00C04F79EFBC}") = "SomeClass.Tests", "SomeClass.Tests\SomeClass.Tests.csproj", "{4895DB20-EDC6-4056-B114-55A22DE58869}"
EndProject
Project("{FAE04EC0-301F-11D3-BF4B-00C04F79EFBC}") = "newClassTest", "newClassTest\newClassTest.csproj", "{42859CAB-348A-490D-9DF9-656AAF7F076E}"
EndProject
Project("{FAE04EC0-301F-11D3-BF4B-00C04F79EFBC}") = "newClassTest.Tests", "newClassTest.Tests\newClassTest.Tests.csproj", "{BCCE76E4-A821-4E94-96D8-EF02C68308A6}"
EndProject
Global
	GlobalSection(SolutionConfigurationPlatforms) = preSolution
		Debug|Any CPU = Debug|Any CPU
		Debug|x64 = Debug|x64
		Debug|x86 = Debug|x86
		Release|Any CPU = Release|Any CPU
		Release|x64 = Release|x64
		Release|x86 = Release|x86
	EndGlobalSection
	GlobalSection(SolutionProperties) = preSolution
		HideSolutionNode = FALSE
	EndGlobalSection
	GlobalSection(ProjectConfigurationPlatforms) = postSolution
		{04DC4D3D-112F-4CB7-AE43-99045B2CA1D3}.Debug|Any CPU.ActiveCfg = Debug|Any CPU
		{04DC4D3D-112F-4CB7-AE43-99045B2CA1D3}.Debug|Any CPU.Build.0 = Debug|Any CPU
		{04DC4D3D-112F-4CB7-AE43-99045B2CA1D3}.Debug|x64.ActiveCfg = Debug|Any CPU
		{04DC4D3D-112F-4CB7-AE43-99045B2CA1D3}.Debug|x64.Build.0 = Debug|Any CPU
		{04DC4D3D-112F-4CB7-AE43-99045B2CA1D3}.Debug|x86.ActiveCfg = Debug|Any CPU
		{04DC4D3D-112F-4CB7-AE43-99045B2CA1D3}.Debug|x86.Build.0 = Debug|Any CPU
		{04DC4D3D-112F-4CB7-AE43-99045B2CA1D3}.Release|Any CPU.ActiveCfg = Release|Any CPU
		{04DC4D3D-112F-4CB7-AE43-99045B2CA1D3}.Release|Any CPU.Build.0 = Release|Any CPU
		{04DC4D3D-112F-4CB7-AE43-99045B2CA1D3}.Release|x64.ActiveCfg = Release|Any CPU
		{04DC4D3D-112F-4CB7-AE43-99045B2CA1D3}.Release|x64.Build.0 = Release|Any CPU
		{04DC4D3D-112F-4CB7-AE43-99045B2CA1D3}.Release|x86.ActiveCfg = Release|Any CPU
		{04DC4D3D-112F-4CB7-AE43-99045B2CA1D3}.Release|x86.Build.0 = Release|Any CPU
		{4895DB20-EDC6-4056-B114-55A22DE58869}.Debug|Any CPU.ActiveCfg = Debug|Any CPU
		{4895DB20-EDC6-4056-B114-55A22DE58869}.Debug|Any CPU.Build.0 = Debug|Any CPU
		{4895DB20-EDC6-4056-B114-55A22DE58869}.Debug|x64.ActiveCfg = Debug|Any CPU
		{4895DB20-EDC6-4056-B114-55A22DE58869}.Debug|x64.Build.0 = Debug|Any CPU
		{4895DB20-EDC6-4056-B114-55A22DE58869}.Debug|x86.ActiveCfg = Debug|Any CPU
		{4895DB20-EDC6-4056-B114-55A22DE58869}.Debug|x86.Build.0 = Debug|Any CPU
		{4895DB20-EDC6-4056-B114-55A22DE58869}.Release|Any CPU.ActiveCfg = Release|Any CPU
		{4895DB20-EDC6-4056-B114-55A22DE58869}.Release|Any CPU.Build.0 = Release|Any CPU
		{4895DB20-EDC6-4056-B114-55A22DE58869}.Release|x64.ActiveCfg = Release|Any CPU
		{4895DB20-EDC6-4056-B114-55A22DE58869}.Release|x64.Build.0 = Release|Any CPU
		{4895DB20-EDC6-4056-B114-55A22DE58869}.Release|x86.ActiveCfg = Release|Any CPU
		{4895DB20-EDC6-4056-B114-55A22DE58869}.Release|x86.Build.0 = Release|Any CPU
		{42859CAB-348A-490D-9DF9-656AAF7F076E}.Debug|Any CPU.ActiveCfg = Debug|Any CPU
		{42859CAB-348A-490D-9DF9-656AAF7F076E}.Debug|Any CPU.Build.0 = Debug|Any CPU
		{42859CAB-348A-490D-9DF9-656AAF7F076E}.Debug|x64.ActiveCfg = Debug|Any CPU
		{42859CAB-348A-490D-9DF9-656AAF7F076E}.Debug|x64.Build.0 = Debug|Any CPU
		{42859CAB-348A-490D-9DF9-656AAF7F076E}.Debug|x86.ActiveCfg = Debug|Any CPU
		{42859CAB-348A-490D-9DF9-656AAF7F076E}.Debug|x86.Build.0 = Debug|Any CPU
		{42859CAB-348A-490D-9DF9-656AAF7F076E}.Release|Any CPU.ActiveCfg = Release|Any CPU
		{42859CAB-348A-490D-9DF9-656AAF7F076E}.Release|Any CPU.Build.0 = Release|Any CPU
		{42859CAB-348A-490D-9DF9-656AAF7F076E}.Release|x64.ActiveCfg = Release|Any CPU
		{42859CAB-348A-490D-9DF9-656AAF7F076E}.Release|x64.Build.0 = Release|Any CPU
		{42859CAB-348A-490D-9DF9-656AAF7F076E}.Release|x86.ActiveCfg = Release|Any CPU
		{42859CAB-348A-490D-9DF9-656AAF7F076E}.Release|x86.Build.0 = Release|Any CPU
		{BCCE76E4-A821-4E94-96D8-EF02C68308A6}.Debug|Any CPU.ActiveCfg = Debug|Any CPU
		{BCCE76E4-A821-4E94-96D8-EF02C68308A6}.Debug|Any CPU.Build.0 = Debug|Any CPU
		{BCCE76E4-A821-4E94-96D8-EF02C68308A6}.Debug|x64.ActiveCfg = Debug|Any CPU
		{BCCE76E4-A821-4E94-96D8-EF02C68308A6}.Debug|x64.Build.0 = Debug|Any CPU
		{BCCE76E4-A821-4E94-96D8-EF02C68308A6}.Debug|x86.ActiveCfg = Debug|Any CPU
		{BCCE76E4-A821-4E94-96D8-EF02C68308A6}.Debug|x86.Build.0 = Debug|Any CPU
		{BCCE76E4-A821-4E94-96D8-EF02C68308A6}.Release|Any CPU.ActiveCfg = Release|Any CPU
		{BCCE76E4-A821-4E94-96D8-EF02C68308A6}.Release|Any CPU.Build.0 = Release|Any CPU
		{BCCE76E4-A821-4E94-96D8-EF02C68308A6}.Release|x64.ActiveCfg = Release|Any CPU
		{BCCE76E4-A821-4E94-96D8-EF02C68308A6}.Release|x64.Build.0 = Release|Any CPU
		{BCCE76E4-A821-4E94-96D8-EF02C68308A6}.Release|x86.ActiveCfg = Release|Any CPU
		{BCCE76E4-A821-4E94-96D8-EF02C68308A6}.Release|x86.Build.0 = Release|Any CPU
	EndGlobalSection
EndGlobal
